
Microsoft Visual Studio Solution File, Format Version 12.00
# Visual Studio 15
VisualStudioVersion = 15.0.28307.106
MinimumVisualStudioVersion = 10.0.40219.1
Project("{FAE04EC0-301F-11D3-BF4B-00C04F79EFBC}") = "BFAOS", "BFAOS\BFAOS.csproj", "{C9C1576E-2D2D-49FF-BEAA-990B783A6521}"
EndProject
Project("{FAE04EC0-301F-11D3-BF4B-00C04F79EFBC}") = "BFAOSToolCore", "BFAOSToolCore\BFAOSToolCore.csproj", "{5F79546B-CA91-41BF-A7FD-455F8CC66BBF}"
EndProject
Global
	GlobalSection(SolutionConfigurationPlatforms) = preSolution
		Debug|Any CPU = Debug|Any CPU
		Release|Any CPU = Release|Any CPU
	EndGlobalSection
	GlobalSection(ProjectConfigurationPlatforms) = postSolution
		{C9C1576E-2D2D-49FF-BEAA-990B783A6521}.Debug|Any CPU.ActiveCfg = Debug|Any CPU
		{C9C1576E-2D2D-49FF-BEAA-990B783A6521}.Debug|Any CPU.Build.0 = Debug|Any CPU
		{C9C1576E-2D2D-49FF-BEAA-990B783A6521}.Release|Any CPU.ActiveCfg = Release|Any CPU
		{C9C1576E-2D2D-49FF-BEAA-990B783A6521}.Release|Any CPU.Build.0 = Release|Any CPU
		{5F79546B-CA91-41BF-A7FD-455F8CC66BBF}.Debug|Any CPU.ActiveCfg = Debug|Any CPU
		{5F79546B-CA91-41BF-A7FD-455F8CC66BBF}.Debug|Any CPU.Build.0 = Debug|Any CPU
		{5F79546B-CA91-41BF-A7FD-455F8CC66BBF}.Release|Any CPU.ActiveCfg = Release|Any CPU
		{5F79546B-CA91-41BF-A7FD-455F8CC66BBF}.Release|Any CPU.Build.0 = Release|Any CPU
	EndGlobalSection
	GlobalSection(SolutionProperties) = preSolution
		HideSolutionNode = FALSE
	EndGlobalSection
	GlobalSection(ExtensibilityGlobals) = postSolution
		SolutionGuid = {06DE1053-270C-490B-91F4-CF6D299008AB}
	EndGlobalSection
EndGlobal
